
Microsoft Visual Studio Solution File, Format Version 12.00
# Visual Studio 15
VisualStudioVersion = 15.0.28307.106
MinimumVisualStudioVersion = 10.0.40219.1
Project("{E24C65DC-7377-472B-9ABA-BC803B73C61A}") = "rental_website", "rental_website\", "{C2B72B5B-3ED6-415E-A6F7-C8C85CE3BB8E}"
	ProjectSection(WebsiteProperties) = preProject
		TargetFrameworkMoniker = ".NETFramework,Version%3Dv4.6.1"
		Debug.AspNetCompiler.VirtualPath = "/localhost_59206"
		Debug.AspNetCompiler.PhysicalPath = "rental_website\"
		Debug.AspNetCompiler.TargetPath = "PrecompiledWeb\localhost_59206\"
		Debug.AspNetCompiler.Updateable = "true"
		Debug.AspNetCompiler.ForceOverwrite = "true"
		Debug.AspNetCompiler.FixedNames = "false"
		Debug.AspNetCompiler.Debug = "True"
		Release.AspNetCompiler.VirtualPath = "/localhost_59206"
		Release.AspNetCompiler.PhysicalPath = "rental_website\"
		Release.AspNetCompiler.TargetPath = "PrecompiledWeb\localhost_59206\"
		Release.AspNetCompiler.Updateable = "true"
		Release.AspNetCompiler.ForceOverwrite = "true"
		Release.AspNetCompiler.FixedNames = "false"
		Release.AspNetCompiler.Debug = "False"
		VWDPort = "59206"
		SlnRelativePath = "rental_website\"
		DefaultWebSiteLanguage = "Visual C#"
	EndProjectSection
EndProject
Global
	GlobalSection(SolutionConfigurationPlatforms) = preSolution
		Debug|Any CPU = Debug|Any CPU
	EndGlobalSection
	GlobalSection(ProjectConfigurationPlatforms) = postSolution
		{C2B72B5B-3ED6-415E-A6F7-C8C85CE3BB8E}.Debug|Any CPU.ActiveCfg = Debug|Any CPU
		{C2B72B5B-3ED6-415E-A6F7-C8C85CE3BB8E}.Debug|Any CPU.Build.0 = Debug|Any CPU
	EndGlobalSection
	GlobalSection(SolutionProperties) = preSolution
		HideSolutionNode = FALSE
	EndGlobalSection
	GlobalSection(ExtensibilityGlobals) = postSolution
		SolutionGuid = {A0850726-4C84-4EF5-BBB1-334DB5168F3F}
	EndGlobalSection
EndGlobal
